
Microsoft Visual Studio Solution File, Format Version 12.00
# Visual Studio 2012
Project("{FAE04EC0-301F-11D3-BF4B-00C04F79EFBC}") = "TennisScore", "TennisScore\TennisScore.csproj", "{2BED816B-E8B4-44A4-873E-EB9B608E2065}"
EndProject
Project("{FAE04EC0-301F-11D3-BF4B-00C04F79EFBC}") = "TennisScoreTest", "TennisScoreTest\TennisScoreTest.csproj", "{DBEE2224-6CE9-42BD-AC42-565DE824CCD2}"
EndProject
Global
	GlobalSection(SolutionConfigurationPlatforms) = preSolution
		Debug|Any CPU = Debug|Any CPU
		Release|Any CPU = Release|Any CPU
	EndGlobalSection
	GlobalSection(ProjectConfigurationPlatforms) = postSolution
		{2BED816B-E8B4-44A4-873E-EB9B608E2065}.Debug|Any CPU.ActiveCfg = Debug|Any CPU
		{2BED816B-E8B4-44A4-873E-EB9B608E2065}.Debug|Any CPU.Build.0 = Debug|Any CPU
		{2BED816B-E8B4-44A4-873E-EB9B608E2065}.Release|Any CPU.ActiveCfg = Release|Any CPU
		{2BED816B-E8B4-44A4-873E-EB9B608E2065}.Release|Any CPU.Build.0 = Release|Any CPU
		{DBEE2224-6CE9-42BD-AC42-565DE824CCD2}.Debug|Any CPU.ActiveCfg = Debug|Any CPU
		{DBEE2224-6CE9-42BD-AC42-565DE824CCD2}.Debug|Any CPU.Build.0 = Debug|Any CPU
		{DBEE2224-6CE9-42BD-AC42-565DE824CCD2}.Release|Any CPU.ActiveCfg = Release|Any CPU
		{DBEE2224-6CE9-42BD-AC42-565DE824CCD2}.Release|Any CPU.Build.0 = Release|Any CPU
	EndGlobalSection
	GlobalSection(SolutionProperties) = preSolution
		HideSolutionNode = FALSE
	EndGlobalSection
EndGlobal
